
Microsoft Visual Studio Solution File, Format Version 12.00
# Visual Studio Version 16
VisualStudioVersion = 16.0.31702.278
MinimumVisualStudioVersion = 10.0.40219.1
Project("{FAE04EC0-301F-11D3-BF4B-00C04F79EFBC}") = "11Arrays", "11Arrays\11Arrays.csproj", "{7FF8DB56-77C4-4953-8C4D-8A8FCE1429C0}"
EndProject
Global
	GlobalSection(SolutionConfigurationPlatforms) = preSolution
		Debug|Any CPU = Debug|Any CPU
		Release|Any CPU = Release|Any CPU
	EndGlobalSection
	GlobalSection(ProjectConfigurationPlatforms) = postSolution
		{7FF8DB56-77C4-4953-8C4D-8A8FCE1429C0}.Debug|Any CPU.ActiveCfg = Debug|Any CPU
		{7FF8DB56-77C4-4953-8C4D-8A8FCE1429C0}.Debug|Any CPU.Build.0 = Debug|Any CPU
		{7FF8DB56-77C4-4953-8C4D-8A8FCE1429C0}.Release|Any CPU.ActiveCfg = Release|Any CPU
		{7FF8DB56-77C4-4953-8C4D-8A8FCE1429C0}.Release|Any CPU.Build.0 = Release|Any CPU
	EndGlobalSection
	GlobalSection(SolutionProperties) = preSolution
		HideSolutionNode = FALSE
	EndGlobalSection
	GlobalSection(ExtensibilityGlobals) = postSolution
		SolutionGuid = {63C28598-27AC-4260-B19A-21C5D285D2CA}
	EndGlobalSection
EndGlobal
